
Microsoft Visual Studio Solution File, Format Version 12.00
# Visual Studio Version 16
VisualStudioVersion = 16.0.30804.86
MinimumVisualStudioVersion = 10.0.40219.1
Project("{FAE04EC0-301F-11D3-BF4B-00C04F79EFBC}") = "CatAdoption", "CatAdoption\CatAdoption.csproj", "{556EC15D-F651-459B-BF1A-C91AB25AE16B}"
EndProject
Global
	GlobalSection(SolutionConfigurationPlatforms) = preSolution
		Debug|Any CPU = Debug|Any CPU
		Release|Any CPU = Release|Any CPU
	EndGlobalSection
	GlobalSection(ProjectConfigurationPlatforms) = postSolution
		{556EC15D-F651-459B-BF1A-C91AB25AE16B}.Debug|Any CPU.ActiveCfg = Debug|Any CPU
		{556EC15D-F651-459B-BF1A-C91AB25AE16B}.Debug|Any CPU.Build.0 = Debug|Any CPU
		{556EC15D-F651-459B-BF1A-C91AB25AE16B}.Release|Any CPU.ActiveCfg = Release|Any CPU
		{556EC15D-F651-459B-BF1A-C91AB25AE16B}.Release|Any CPU.Build.0 = Release|Any CPU
	EndGlobalSection
	GlobalSection(SolutionProperties) = preSolution
		HideSolutionNode = FALSE
	EndGlobalSection
	GlobalSection(ExtensibilityGlobals) = postSolution
		SolutionGuid = {6CF1F304-8B7B-47F1-9EFF-FAD8EB66E1F7}
	EndGlobalSection
EndGlobal
